// !$*UTF8*$!
{
	archiveVersion = 1;
	classes = {
	};
	objectVersion = 50;
	objects = {

/* Begin PBXBuildFile section */
		3EB2D47F212F34DF0075640F /* AppDelegate.swift in Sources */ = {isa = PBXBuildFile; fileRef = 3EB2D47E212F34DF0075640F /* AppDelegate.swift */; };
		3EB2D481212F34DF0075640F /* ViewController.swift in Sources */ = {isa = PBXBuildFile; fileRef = 3EB2D480212F34DF0075640F /* ViewController.swift */; };
		3EB2D484212F34DF0075640F /* Main.storyboard in Resources */ = {isa = PBXBuildFile; fileRef = 3EB2D482212F34DF0075640F /* Main.storyboard */; };
		3EB2D486212F34E30075640F /* Assets.xcassets in Resources */ = {isa = PBXBuildFile; fileRef = 3EB2D485212F34E30075640F /* Assets.xcassets */; };
		3EB2D489212F34E30075640F /* LaunchScreen.storyboard in Resources */ = {isa = PBXBuildFile; fileRef = 3EB2D487212F34E30075640F /* LaunchScreen.storyboard */; };
		3EB2D494212F34E30075640F /* tipCalculatorTests.swift in Sources */ = {isa = PBXBuildFile; fileRef = 3EB2D493212F34E30075640F /* tipCalculatorTests.swift */; };
		3EB2D49F212F34E40075640F /* tipCalculatorUITests.swift in Sources */ = {isa = PBXBuildFile; fileRef = 3EB2D49E212F34E40075640F /* tipCalculatorUITests.swift */; };
/* End PBXBuildFile section */

/* Begin PBXContainerItemProxy section */
		3EB2D490212F34E30075640F /* PBXContainerItemProxy */ = {
			isa = PBXContainerItemProxy;
			containerPortal = 3EB2D473212F34DF0075640F /* Project object */;
			proxyType = 1;
			remoteGlobalIDString = 3EB2D47A212F34DF0075640F;
			remoteInfo = tipCalculator;
		};
		3EB2D49B212F34E40075640F /* PBXContainerItemProxy */ = {
			isa = PBXContainerItemProxy;
			containerPortal = 3EB2D473212F34DF0075640F /* Project object */;
			proxyType = 1;
			remoteGlobalIDString = 3EB2D47A212F34DF0075640F;
			remoteInfo = tipCalculator;
		};
/* End PBXContainerItemProxy section */

/* Begin PBXFileReference section */
		3EB2D47B212F34DF0075640F /* tipCalculator.app */ = {isa = PBXFileReference; explicitFileType = wrapper.application; includeInIndex = 0; path = tipCalculator.app; sourceTree = BUILT_PRODUCTS_DIR; };
		3EB2D47E212F34DF0075640F /* AppDelegate.swift */ = {isa = PBXFileReference; lastKnownFileType = sourcecode.swift; path = AppDelegate.swift; sourceTree = "<group>"; };
		3EB2D480212F34DF0075640F /* ViewController.swift */ = {isa = PBXFileReference; lastKnownFileType = sourcecode.swift; path = ViewController.swift; sourceTree = "<group>"; };
		3EB2D483212F34DF0075640F /* Base */ = {isa = PBXFileReference; lastKnownFileType = file.storyboard; name = Base; path = Base.lproj/Main.storyboard; sourceTree = "<group>"; };
		3EB2D485212F34E30075640F /* Assets.xcassets */ = {isa = PBXFileReference; lastKnownFileType = folder.assetcatalog; path = Assets.xcassets; sourceTree = "<group>"; };
		3EB2D488212F34E30075640F /* Base */ = {isa = PBXFileReference; lastKnownFileType = file.storyboard; name = Base; path = Base.lproj/LaunchScreen.storyboard; sourceTree = "<group>"; };
		3EB2D48A212F34E30075640F /* Info.plist */ = {isa = PBXFileReference; lastKnownFileType = text.plist.xml; path = Info.plist; sourceTree = "<group>"; };
		3EB2D48F212F34E30075640F /* tipCalculatorTests.xctest */ = {isa = PBXFileReference; explicitFileType = wrapper.cfbundle; includeInIndex = 0; path = tipCalculatorTests.xctest; sourceTree = BUILT_PRODUCTS_DIR; };
		3EB2D493212F34E30075640F /* tipCalculatorTests.swift */ = {isa = PBXFileReference; lastKnownFileType = sourcecode.swift; path = tipCalculatorTests.swift; sourceTree = "<group>"; };
		3EB2D495212F34E30075640F /* Info.plist */ = {isa = PBXFileReference; lastKnownFileType = text.plist.xml; path = Info.plist; sourceTree = "<group>"; };
		3EB2D49A212F34E40075640F /* tipCalculatorUITests.xctest */ = {isa = PBXFileReference; explicitFileType = wrapper.cfbundle; includeInIndex = 0; path = tipCalculatorUITests.xctest; sourceTree = BUILT_PRODUCTS_DIR; };
		3EB2D49E212F34E40075640F /* tipCalculatorUITests.swift */ = {isa = PBXFileReference; lastKnownFileType = sourcecode.swift; path = tipCalculatorUITests.swift; sourceTree = "<group>"; };
		3EB2D4A0212F34E40075640F /* Info.plist */ = {isa = PBXFileReference; lastKnownFileType = text.plist.xml; path = Info.plist; sourceTree = "<group>"; };
/* End PBXFileReference section */

/* Begin PBXFrameworksBuildPhase section */
		3EB2D478212F34DF0075640F /* Frameworks */ = {
			isa = PBXFrameworksBuildPhase;
			buildActionMask = 2147483647;
			files = (
			);
			runOnlyForDeploymentPostprocessing = 0;
		};
		3EB2D48C212F34E30075640F /* Frameworks */ = {
			isa = PBXFrameworksBuildPhase;
			buildActionMask = 2147483647;
			files = (
			);
			runOnlyForDeploymentPostprocessing = 0;
		};
		3EB2D497212F34E40075640F /* Frameworks */ = {
			isa = PBXFrameworksBuildPhase;
			buildActionMask = 2147483647;
			files = (
			);
			runOnlyForDeploymentPostprocessing = 0;
		};
/* End PBXFrameworksBuildPhase section */

/* Begin PBXGroup section */
		3EB2D472212F34DF0075640F = {
			isa = PBXGroup;
			children = (
				3EB2D47D212F34DF0075640F /* tipCalculator */,
				3EB2D492212F34E30075640F /* tipCalculatorTests */,
				3EB2D49D212F34E40075640F /* tipCalculatorUITests */,
				3EB2D47C212F34DF0075640F /* Products */,
			);
			sourceTree = "<group>";
		};
		3EB2D47C212F34DF0075640F /* Products */ = {
			isa = PBXGroup;
			children = (
				3EB2D47B212F34DF0075640F /* tipCalculator.app */,
				3EB2D48F212F34E30075640F /* tipCalculatorTests.xctest */,
				3EB2D49A212F34E40075640F /* tipCalculatorUITests.xctest */,
			);
			name = Products;
			sourceTree = "<group>";
		};
		3EB2D47D212F34DF0075640F /* tipCalculator */ = {
			isa = PBXGroup;
			children = (
				3EB2D47E212F34DF0075640F /* AppDelegate.swift */,
				3EB2D480212F34DF0075640F /* ViewController.swift */,
				3EB2D482212F34DF0075640F /* Main.storyboard */,
				3EB2D485212F34E30075640F /* Assets.xcassets */,
				3EB2D487212F34E30075640F /* LaunchScreen.storyboard */,
				3EB2D48A212F34E30075640F /* Info.plist */,
			);
			path = tipCalculator;
			sourceTree = "<group>";
		};
		3EB2D492212F34E30075640F /* tipCalculatorTests */ = {
			isa = PBXGroup;
			children = (
				3EB2D493212F34E30075640F /* tipCalculatorTests.swift */,
				3EB2D495212F34E30075640F /* Info.plist */,
			);
			path = tipCalculatorTests;
			sourceTree = "<group>";
		};
		3EB2D49D212F34E40075640F /* tipCalculatorUITests */ = {
			isa = PBXGroup;
			children = (
				3EB2D49E212F34E40075640F /* tipCalculatorUITests.swift */,
				3EB2D4A0212F34E40075640F /* Info.plist */,
			);
			path = tipCalculatorUITests;
			sourceTree = "<group>";
		};
/* End PBXGroup section */

/* Begin PBXNativeTarget section */
		3EB2D47A212F34DF0075640F /* tipCalculator */ = {
			isa = PBXNativeTarget;
			buildConfigurationList = 3EB2D4A3212F34E40075640F /* Build configuration list for PBXNativeTarget "tipCalculator" */;
			buildPhases = (
				3EB2D477212F34DF0075640F /* Sources */,
				3EB2D478212F34DF0075640F /* Frameworks */,
				3EB2D479212F34DF0075640F /* Resources */,
			);
			buildRules = (
			);
			dependencies = (
			);
			name = tipCalculator;
			productName = tipCalculator;
			productReference = 3EB2D47B212F34DF0075640F /* tipCalculator.app */;
			productType = "com.apple.product-type.application";
		};
		3EB2D48E212F34E30075640F /* tipCalculatorTests */ = {
			isa = PBXNativeTarget;
			buildConfigurationList = 3EB2D4A6212F34E40075640F /* Build configuration list for PBXNativeTarget "tipCalculatorTests" */;
			buildPhases = (
				3EB2D48B212F34E30075640F /* Sources */,
				3EB2D48C212F34E30075640F /* Frameworks */,
				3EB2D48D212F34E30075640F /* Resources */,
			);
			buildRules = (
			);
			dependencies = (
				3EB2D491212F34E30075640F /* PBXTargetDependency */,
			);
			name = tipCalculatorTests;
			productName = tipCalculatorTests;
			productReference = 3EB2D48F212F34E30075640F /* tipCalculatorTests.xctest */;
			productType = "com.apple.product-type.bundle.unit-test";
		};
		3EB2D499212F34E40075640F /* tipCalculatorUITests */ = {
			isa = PBXNativeTarget;
			buildConfigurationList = 3EB2D4A9212F34E40075640F /* Build configuration list for PBXNativeTarget "tipCalculatorUITests" */;
			buildPhases = (
				3EB2D496212F34E40075640F /* Sources */,
				3EB2D497212F34E40075640F /* Frameworks */,
				3EB2D498212F34E40075640F /* Resources */,
			);
			buildRules = (
			);
			dependencies = (
				3EB2D49C212F34E40075640F /* PBXTargetDependency */,
			);
			name = tipCalculatorUITests;
			productName = tipCalculatorUITests;
			productReference = 3EB2D49A212F34E40075640F /* tipCalculatorUITests.xctest */;
			productType = "com.apple.product-type.bundle.ui-testing";
		};
/* End PBXNativeTarget section */

/* Begin PBXProject section */
		3EB2D473212F34DF0075640F /* Project object */ = {
			isa = PBXProject;
			attributes = {
				LastSwiftUpdateCheck = 0940;
				LastUpgradeCheck = 0940;
				ORGANIZATIONNAME = "Calvin Thang";
				TargetAttributes = {
					3EB2D47A212F34DF0075640F = {
						CreatedOnToolsVersion = 9.4.1;
					};
					3EB2D48E212F34E30075640F = {
						CreatedOnToolsVersion = 9.4.1;
						TestTargetID = 3EB2D47A212F34DF0075640F;
					};
					3EB2D499212F34E40075640F = {
						CreatedOnToolsVersion = 9.4.1;
						TestTargetID = 3EB2D47A212F34DF0075640F;
					};
				};
			};
			buildConfigurationList = 3EB2D476212F34DF0075640F /* Build configuration list for PBXProject "tipCalculator" */;
			compatibilityVersion = "Xcode 9.3";
			developmentRegion = en;
			hasScannedForEncodings = 0;
			knownRegions = (
				en,
				Base,
			);
			mainGroup = 3EB2D472212F34DF0075640F;
			productRefGroup = 3EB2D47C212F34DF0075640F /* Products */;
			projectDirPath = "";
			projectRoot = "";
			targets = (
				3EB2D47A212F34DF0075640F /* tipCalculator */,
				3EB2D48E212F34E30075640F /* tipCalculatorTests */,
				3EB2D499212F34E40075640F /* tipCalculatorUITests */,
			);
		};
/* End PBXProject section */

/* Begin PBXResourcesBuildPhase section */
		3EB2D479212F34DF0075640F /* Resources */ = {
			isa = PBXResourcesBuildPhase;
			buildActionMask = 2147483647;
			files = (
				3EB2D489212F34E30075640F /* LaunchScreen.storyboard in Resources */,
				3EB2D486212F34E30075640F /* Assets.xcassets in Resources */,
				3EB2D484212F34DF0075640F /* Main.storyboard in Resources */,
			);
			runOnlyForDeploymentPostprocessing = 0;
		};
		3EB2D48D212F34E30075640F /* Resources */ = {
			isa = PBXResourcesBuildPhase;
			buildActionMask = 2147483647;
			files = (
			);
			runOnlyForDeploymentPostprocessing = 0;
		};
		3EB2D498212F34E40075640F /* Resources */ = {
			isa = PBXResourcesBuildPhase;
			buildActionMask = 2147483647;
			files = (
			);
			runOnlyForDeploymentPostprocessing = 0;
		};
/* End PBXResourcesBuildPhase section */

/* Begin PBXSourcesBuildPhase section */
		3EB2D477212F34DF0075640F /* Sources */ = {
			isa = PBXSourcesBuildPhase;
			buildActionMask = 2147483647;
			files = (
				3EB2D481212F34DF0075640F /* ViewController.swift in Sources */,
				3EB2D47F212F34DF0075640F /* AppDelegate.swift in Sources */,
			);
			runOnlyForDeploymentPostprocessing = 0;
		};
		3EB2D48B212F34E30075640F /* Sources */ = {
			isa = PBXSourcesBuildPhase;
			buildActionMask = 2147483647;
			files = (
				3EB2D494212F34E30075640F /* tipCalculatorTests.swift in Sources */,
			);
			runOnlyForDeploymentPostprocessing = 0;
		};
		3EB2D496212F34E40075640F /* Sources */ = {
			isa = PBXSourcesBuildPhase;
			buildActionMask = 2147483647;
			files = (
				3EB2D49F212F34E40075640F /* tipCalculatorUITests.swift in Sources */,
			);
			runOnlyForDeploymentPostprocessing = 0;
		};
/* End PBXSourcesBuildPhase section */

/* Begin PBXTargetDependency section */
		3EB2D491212F34E30075640F /* PBXTargetDependency */ = {
			isa = PBXTargetDependency;
			target = 3EB2D47A212F34DF0075640F /* tipCalculator */;
			targetProxy = 3EB2D490212F34E30075640F /* PBXContainerItemProxy */;
		};
		3EB2D49C212F34E40075640F /* PBXTargetDependency */ = {
			isa = PBXTargetDependency;
			target = 3EB2D47A212F34DF0075640F /* tipCalculator */;
			targetProxy = 3EB2D49B212F34E40075640F /* PBXContainerItemProxy */;
		};
/* End PBXTargetDependency section */

/* Begin PBXVariantGroup section */
		3EB2D482212F34DF0075640F /* Main.storyboard */ = {
			isa = PBXVariantGroup;
			children = (
				3EB2D483212F34DF0075640F /* Base */,
			);
			name = Main.storyboard;
			sourceTree = "<group>";
		};
		3EB2D487212F34E30075640F /* LaunchScreen.storyboard */ = {
			isa = PBXVariantGroup;
			children = (
				3EB2D488212F34E30075640F /* Base */,
			);
			name = LaunchScreen.storyboard;
			sourceTree = "<group>";
		};
/* End PBXVariantGroup section */

/* Begin XCBuildConfiguration section */
		3EB2D4A1212F34E40075640F /* Debug */ = {
			isa = XCBuildConfiguration;
			buildSettings = {
				ALWAYS_SEARCH_USER_PATHS = NO;
				CLANG_ANALYZER_NONNULL = YES;
				CLANG_ANALYZER_NUMBER_OBJECT_CONVERSION = YES_AGGRESSIVE;
				CLANG_CXX_LANGUAGE_STANDARD = "gnu++14";
				CLANG_CXX_LIBRARY = "libc++";
				CLANG_ENABLE_MODULES = YES;
				CLANG_ENABLE_OBJC_ARC = YES;
				CLANG_ENABLE_OBJC_WEAK = YES;
				CLANG_WARN_BLOCK_CAPTURE_AUTORELEASING = YES;
				CLANG_WARN_BOOL_CONVERSION = YES;
				CLANG_WARN_COMMA = YES;
				CLANG_WARN_CONSTANT_CONVERSION = YES;
				CLANG_WARN_DEPRECATED_OBJC_IMPLEMENTATIONS = YES;
				CLANG_WARN_DIRECT_OBJC_ISA_USAGE = YES_ERROR;
				CLANG_WARN_DOCUMENTATION_COMMENTS = YES;
				CLANG_WARN_EMPTY_BODY = YES;
				CLANG_WARN_ENUM_CONVERSION = YES;
				CLANG_WARN_INFINITE_RECURSION = YES;
				CLANG_WARN_INT_CONVERSION = YES;
				CLANG_WARN_NON_LITERAL_NULL_CONVERSION = YES;
				CLANG_WARN_OBJC_IMPLICIT_RETAIN_SELF = YES;
				CLANG_WARN_OBJC_LITERAL_CONVERSION = YES;
				CLANG_WARN_OBJC_ROOT_CLASS = YES_ERROR;
				CLANG_WARN_RANGE_LOOP_ANALYSIS = YES;
				CLANG_WARN_STRICT_PROTOTYPES = YES;
				CLANG_WARN_SUSPICIOUS_MOVE = YES;
				CLANG_WARN_UNGUARDED_AVAILABILITY = YES_AGGRESSIVE;
				CLANG_WARN_UNREACHABLE_CODE = YES;
				CLANG_WARN__DUPLICATE_METHOD_MATCH = YES;
				CODE_SIGN_IDENTITY = "iPhone Developer";
				COPY_PHASE_STRIP = NO;
				DEBUG_INFORMATION_FORMAT = dwarf;
				ENABLE_STRICT_OBJC_MSGSEND = YES;
				ENABLE_TESTABILITY = YES;
				GCC_C_LANGUAGE_STANDARD = gnu11;
				GCC_DYNAMIC_NO_PIC = NO;
				GCC_NO_COMMON_BLOCKS = YES;
				GCC_OPTIMIZATION_LEVEL = 0;
				GCC_PREPROCESSOR_DEFINITIONS = (
					"DEBUG=1",
					"$(inherited)",
				);
				GCC_WARN_64_TO_32_BIT_CONVERSION = YES;
				GCC_WARN_ABOUT_RETURN_TYPE = YES_ERROR;
				GCC_WARN_UNDECLARED_SELECTOR = YES;
				GCC_WARN_UNINITIALIZED_AUTOS = YES_AGGRESSIVE;
				GCC_WARN_UNUSED_FUNCTION = YES;
				GCC_WARN_UNUSED_VARIABLE = YES;
				IPHONEOS_DEPLOYMENT_TARGET = 11.4;
				MTL_ENABLE_DEBUG_INFO = YES;
				ONLY_ACTIVE_ARCH = YES;
				SDKROOT = iphoneos;
				SWIFT_ACTIVE_COMPILATION_CONDITIONS = DEBUG;
				SWIFT_OPTIMIZATION_LEVEL = "-Onone";
			};
			name = Debug;
		};
		3EB2D4A2212F34E40075640F /* Release */ = {
			isa = XCBuildConfiguration;
			buildSettings = {
				ALWAYS_SEARCH_USER_PATHS = NO;
				CLANG_ANALYZER_NONNULL = YES;
				CLANG_ANALYZER_NUMBER_OBJECT_CONVERSION = YES_AGGRESSIVE;
				CLANG_CXX_LANGUAGE_STANDARD = "gnu++14";
				CLANG_CXX_LIBRARY = "libc++";
				CLANG_ENABLE_MODULES = YES;
				CLANG_ENABLE_OBJC_ARC = YES;
				CLANG_ENABLE_OBJC_WEAK = YES;
				CLANG_WARN_BLOCK_CAPTURE_AUTORELEASING = YES;
				CLANG_WARN_BOOL_CONVERSION = YES;
				CLANG_WARN_COMMA = YES;
				CLANG_WARN_CONSTANT_CONVERSION = YES;
				CLANG_WARN_DEPRECATED_OBJC_IMPLEMENTATIONS = YES;
				CLANG_WARN_DIRECT_OBJC_ISA_USAGE = YES_ERROR;
				CLANG_WARN_DOCUMENTATION_COMMENTS = YES;
				CLANG_WARN_EMPTY_BODY = YES;
				CLANG_WARN_ENUM_CONVERSION = YES;
				CLANG_WARN_INFINITE_RECURSION = YES;
				CLANG_WARN_INT_CONVERSION = YES;
				CLANG_WARN_NON_LITERAL_NULL_CONVERSION = YES;
				CLANG_WARN_OBJC_IMPLICIT_RETAIN_SELF = YES;
				CLANG_WARN_OBJC_LITERAL_CONVERSION = YES;
				CLANG_WARN_OBJC_ROOT_CLASS = YES_ERROR;
				CLANG_WARN_RANGE_LOOP_ANALYSIS = YES;
				CLANG_WARN_STRICT_PROTOTYPES = YES;
				CLANG_WARN_SUSPICIOUS_MOVE = YES;
				CLANG_WARN_UNGUARDED_AVAILABILITY = YES_AGGRESSIVE;
				CLANG_WARN_UNREACHABLE_CODE = YES;
				CLANG_WARN__DUPLICATE_METHOD_MATCH = YES;
				CODE_SIGN_IDENTITY = "iPhone Developer";
				COPY_PHASE_STRIP = NO;
				DEBUG_INFORMATION_FORMAT = "dwarf-with-dsym";
				ENABLE_NS_ASSERTIONS = NO;
				ENABLE_STRICT_OBJC_MSGSEND = YES;
				GCC_C_LANGUAGE_STANDARD = gnu11;
				GCC_NO_COMMON_BLOCKS = YES;
				GCC_WARN_64_TO_32_BIT_CONVERSION = YES;
				GCC_WARN_ABOUT_RETURN_TYPE = YES_ERROR;
				GCC_WARN_UNDECLARED_SELECTOR = YES;
				GCC_WARN_UNINITIALIZED_AUTOS = YES_AGGRESSIVE;
				GCC_WARN_UNUSED_FUNCTION = YES;
				GCC_WARN_UNUSED_VARIABLE = YES;
				IPHONEOS_DEPLOYMENT_TARGET = 11.4;
				MTL_ENABLE_DEBUG_INFO = NO;
				SDKROOT = iphoneos;
				SWIFT_COMPILATION_MODE = wholemodule;
				SWIFT_OPTIMIZATION_LEVEL = "-O";
				VALIDATE_PRODUCT = YES;
			};
			name = Release;
		};
		3EB2D4A4212F34E40075640F /* Debug */ = {
			isa = XCBuildConfiguration;
			buildSettings = {
				ASSETCATALOG_COMPILER_APPICON_NAME = AppIcon;
				CODE_SIGN_STYLE = Automatic;
				INFOPLIST_FILE = tipCalculator/Info.plist;
				LD_RUNPATH_SEARCH_PATHS = (
					"$(inherited)",
					"@executable_path/Frameworks",
				);
				PRODUCT_BUNDLE_IDENTIFIER = CodePath.tipCalculator;
				PRODUCT_NAME = "$(TARGET_NAME)";
				SWIFT_VERSION = 4.0;
				TARGETED_DEVICE_FAMILY = "1,2";
			};
			name = Debug;
		};
		3EB2D4A5212F34E40075640F /* Release */ = {
			isa = XCBuildConfiguration;
			buildSettings = {
				ASSETCATALOG_COMPILER_APPICON_NAME = AppIcon;
				CODE_SIGN_STYLE = Automatic;
				INFOPLIST_FILE = tipCalculator/Info.plist;
				LD_RUNPATH_SEARCH_PATHS = (
					"$(inherited)",
					"@executable_path/Frameworks",
				);
				PRODUCT_BUNDLE_IDENTIFIER = CodePath.tipCalculator;
				PRODUCT_NAME = "$(TARGET_NAME)";
				SWIFT_VERSION = 4.0;
				TARGETED_DEVICE_FAMILY = "1,2";
			};
			name = Release;
		};
		3EB2D4A7212F34E40075640F /* Debug */ = {
			isa = XCBuildConfiguration;
			buildSettings = {
				ALWAYS_EMBED_SWIFT_STANDARD_LIBRARIES = YES;
				BUNDLE_LOADER = "$(TEST_HOST)";
				CODE_SIGN_STYLE = Automatic;
				INFOPLIST_FILE = tipCalculatorTests/Info.plist;
				LD_RUNPATH_SEARCH_PATHS = (
					"$(inherited)",
					"@executable_path/Frameworks",
					"@loader_path/Frameworks",
				);
				PRODUCT_BUNDLE_IDENTIFIER = CodePath.tipCalculatorTests;
				PRODUCT_NAME = "$(TARGET_NAME)";
				SWIFT_VERSION = 4.0;
				TARGETED_DEVICE_FAMILY = "1,2";
				TEST_HOST = "$(BUILT_PRODUCTS_DIR)/tipCalculator.app/tipCalculator";
			};
			name = Debug;
		};
		3EB2D4A8212F34E40075640F /* Release */ = {
			isa = XCBuildConfiguration;
			buildSettings = {
				ALWAYS_EMBED_SWIFT_STANDARD_LIBRARIES = YES;
				BUNDLE_LOADER = "$(TEST_HOST)";
				CODE_SIGN_STYLE = Automatic;
				INFOPLIST_FILE = tipCalculatorTests/Info.plist;
				LD_RUNPATH_SEARCH_PATHS = (
					"$(inherited)",
					"@executable_path/Frameworks",
					"@loader_path/Frameworks",
				);
				PRODUCT_BUNDLE_IDENTIFIER = CodePath.tipCalculatorTests;
				PRODUCT_NAME = "$(TARGET_NAME)";
				SWIFT_VERSION = 4.0;
				TARGETED_DEVICE_FAMILY = "1,2";
				TEST_HOST = "$(BUILT_PRODUCTS_DIR)/tipCalculator.app/tipCalculator";
			};
			name = Release;
		};
		3EB2D4AA212F34E40075640F /* Debug */ = {
			isa = XCBuildConfiguration;
			buildSettings = {
				ALWAYS_EMBED_SWIFT_STANDARD_LIBRARIES = YES;
				CODE_SIGN_STYLE = Automatic;
				INFOPLIST_FILE = tipCalculatorUITests/Info.plist;
				LD_RUNPATH_SEARCH_PATHS = (
					"$(inherited)",
					"@executable_path/Frameworks",
					"@loader_path/Frameworks",
				);
				PRODUCT_BUNDLE_IDENTIFIER = CodePath.tipCalculatorUITests;
				PRODUCT_NAME = "$(TARGET_NAME)";
				SWIFT_VERSION = 4.0;
				TARGETED_DEVICE_FAMILY = "1,2";
				TEST_TARGET_NAME = tipCalculator;
			};
			name = Debug;
		};
		3EB2D4AB212F34E40075640F /* Release */ = {
			isa = XCBuildConfiguration;
			buildSettings = {
				ALWAYS_EMBED_SWIFT_STANDARD_LIBRARIES = YES;
				CODE_SIGN_STYLE = Automatic;
				INFOPLIST_FILE = tipCalculatorUITests/Info.plist;
				LD_RUNPATH_SEARCH_PATHS = (
					"$(inherited)",
					"@executable_path/Frameworks",
					"@loader_path/Frameworks",
				);
				PRODUCT_BUNDLE_IDENTIFIER = CodePath.tipCalculatorUITests;
				PRODUCT_NAME = "$(TARGET_NAME)";
				SWIFT_VERSION = 4.0;
				TARGETED_DEVICE_FAMILY = "1,2";
				TEST_TARGET_NAME = tipCalculator;
			};
			name = Release;
		};
/* End XCBuildConfiguration section */

/* Begin XCConfigurationList section */
		3EB2D476212F34DF0075640F /* Build configuration list for PBXProject "tipCalculator" */ = {
			isa = XCConfigurationList;
			buildConfigurations = (
				3EB2D4A1212F34E40075640F /* Debug */,
				3EB2D4A2212F34E40075640F /* Release */,
			);
			defaultConfigurationIsVisible = 0;
			defaultConfigurationName = Release;
		};
		3EB2D4A3212F34E40075640F /* Build configuration list for PBXNativeTarget "tipCalculator" */ = {
			isa = XCConfigurationList;
			buildConfigurations = (
				3EB2D4A4212F34E40075640F /* Debug */,
				3EB2D4A5212F34E40075640F /* Release */,
			);
			defaultConfigurationIsVisible = 0;
			defaultConfigurationName = Release;
		};
		3EB2D4A6212F34E40075640F /* Build configuration list for PBXNativeTarget "tipCalculatorTests" */ = {
			isa = XCConfigurationList;
			buildConfigurations = (
				3EB2D4A7212F34E40075640F /* Debug */,
				3EB2D4A8212F34E40075640F /* Release */,
			);
			defaultConfigurationIsVisible = 0;
			defaultConfigurationName = Release;
		};
		3EB2D4A9212F34E40075640F /* Build configuration list for PBXNativeTarget "tipCalculatorUITests" */ = {
			isa = XCConfigurationList;
			buildConfigurations = (
				3EB2D4AA212F34E40075640F /* Debug */,
				3EB2D4AB212F34E40075640F /* Release */,
			);
			defaultConfigurationIsVisible = 0;
			defaultConfigurationName = Release;
		};
/* End XCConfigurationList section */
	};
	rootObject = 3EB2D473212F34DF0075640F /* Project object */;
}
